
Microsoft Visual Studio Solution File, Format Version 12.00
# Visual Studio Version 16
VisualStudioVersion = 16.0.30406.217
MinimumVisualStudioVersion = 10.0.40219.1
Project("{FAE04EC0-301F-11D3-BF4B-00C04F79EFBC}") = "ProjectTasksApi", "ProjectTasksApi.csproj", "{FA87166D-B1E4-45E2-AE52-69ED94437359}"
EndProject
Global
	GlobalSection(SolutionConfigurationPlatforms) = preSolution
		Debug|Any CPU = Debug|Any CPU
		Release|Any CPU = Release|Any CPU
	EndGlobalSection
	GlobalSection(ProjectConfigurationPlatforms) = postSolution
		{FA87166D-B1E4-45E2-AE52-69ED94437359}.Debug|Any CPU.ActiveCfg = Debug|Any CPU
		{FA87166D-B1E4-45E2-AE52-69ED94437359}.Debug|Any CPU.Build.0 = Debug|Any CPU
		{FA87166D-B1E4-45E2-AE52-69ED94437359}.Release|Any CPU.ActiveCfg = Release|Any CPU
		{FA87166D-B1E4-45E2-AE52-69ED94437359}.Release|Any CPU.Build.0 = Release|Any CPU
	EndGlobalSection
	GlobalSection(SolutionProperties) = preSolution
		HideSolutionNode = FALSE
	EndGlobalSection
	GlobalSection(ExtensibilityGlobals) = postSolution
		SolutionGuid = {1B55FFD5-0B05-4059-85B3-9C74CEBF940F}
	EndGlobalSection
EndGlobal
